
Microsoft Visual Studio Solution File, Format Version 12.00
# Visual Studio Version 17
VisualStudioVersion = 17.8.34309.116
MinimumVisualStudioVersion = 10.0.40219.1
Project("{FAE04EC0-301F-11D3-BF4B-00C04F79EFBC}") = "mvcProyectoKeDulce", "mvcProyectoKeDulce\mvcProyectoKeDulce.csproj", "{58B1AA03-3B1F-431E-88AD-F68C2F256192}"
EndProject
Project("{FAE04EC0-301F-11D3-BF4B-00C04F79EFBC}") = "mvcProyectoKeDulce.AccesoDatos", "mvcProyectoKeDulce.AccesoDatos\mvcProyectoKeDulce.AccesoDatos.csproj", "{515BF9ED-F38F-405F-B160-EFA31A8CC5F9}"
EndProject
Project("{FAE04EC0-301F-11D3-BF4B-00C04F79EFBC}") = "mvcProyectoKeDulce.Modelos", "mvcProyectoKeDulce.Modelos\mvcProyectoKeDulce.Modelos.csproj", "{D58197D2-889B-4716-9E64-2D23924F692B}"
EndProject
Project("{FAE04EC0-301F-11D3-BF4B-00C04F79EFBC}") = "mvcProyectoKeDulce.Utilidades", "mvcProyectoKeDulce.Utilidades\mvcProyectoKeDulce.Utilidades.csproj", "{160525E7-4B42-4137-914C-DF3321AA0B2C}"
EndProject
Global
	GlobalSection(SolutionConfigurationPlatforms) = preSolution
		Debug|Any CPU = Debug|Any CPU
		Release|Any CPU = Release|Any CPU
	EndGlobalSection
	GlobalSection(ProjectConfigurationPlatforms) = postSolution
		{58B1AA03-3B1F-431E-88AD-F68C2F256192}.Debug|Any CPU.ActiveCfg = Debug|Any CPU
		{58B1AA03-3B1F-431E-88AD-F68C2F256192}.Debug|Any CPU.Build.0 = Debug|Any CPU
		{58B1AA03-3B1F-431E-88AD-F68C2F256192}.Release|Any CPU.ActiveCfg = Release|Any CPU
		{58B1AA03-3B1F-431E-88AD-F68C2F256192}.Release|Any CPU.Build.0 = Release|Any CPU
		{515BF9ED-F38F-405F-B160-EFA31A8CC5F9}.Debug|Any CPU.ActiveCfg = Debug|Any CPU
		{515BF9ED-F38F-405F-B160-EFA31A8CC5F9}.Debug|Any CPU.Build.0 = Debug|Any CPU
		{515BF9ED-F38F-405F-B160-EFA31A8CC5F9}.Release|Any CPU.ActiveCfg = Release|Any CPU
		{515BF9ED-F38F-405F-B160-EFA31A8CC5F9}.Release|Any CPU.Build.0 = Release|Any CPU
		{D58197D2-889B-4716-9E64-2D23924F692B}.Debug|Any CPU.ActiveCfg = Debug|Any CPU
		{D58197D2-889B-4716-9E64-2D23924F692B}.Debug|Any CPU.Build.0 = Debug|Any CPU
		{D58197D2-889B-4716-9E64-2D23924F692B}.Release|Any CPU.ActiveCfg = Release|Any CPU
		{D58197D2-889B-4716-9E64-2D23924F692B}.Release|Any CPU.Build.0 = Release|Any CPU
		{160525E7-4B42-4137-914C-DF3321AA0B2C}.Debug|Any CPU.ActiveCfg = Debug|Any CPU
		{160525E7-4B42-4137-914C-DF3321AA0B2C}.Debug|Any CPU.Build.0 = Debug|Any CPU
		{160525E7-4B42-4137-914C-DF3321AA0B2C}.Release|Any CPU.ActiveCfg = Release|Any CPU
		{160525E7-4B42-4137-914C-DF3321AA0B2C}.Release|Any CPU.Build.0 = Release|Any CPU
	EndGlobalSection
	GlobalSection(SolutionProperties) = preSolution
		HideSolutionNode = FALSE
	EndGlobalSection
	GlobalSection(ExtensibilityGlobals) = postSolution
		SolutionGuid = {9B182837-7942-47B8-AC91-CF318398E871}
	EndGlobalSection
EndGlobal
